
Microsoft Visual Studio Solution File, Format Version 12.00
# Visual Studio Version 16
VisualStudioVersion = 16.0.31313.79
MinimumVisualStudioVersion = 10.0.40219.1
Project("{FAE04EC0-301F-11D3-BF4B-00C04F79EFBC}") = "Listbox Layouts", "Listbox Layouts.csproj", "{375DDFD6-D124-46ED-A0BA-CAE90774795D}"
EndProject
Global
	GlobalSection(SolutionConfigurationPlatforms) = preSolution
		Debug|Any CPU = Debug|Any CPU
		Release|Any CPU = Release|Any CPU
	EndGlobalSection
	GlobalSection(ProjectConfigurationPlatforms) = postSolution
		{375DDFD6-D124-46ED-A0BA-CAE90774795D}.Debug|Any CPU.ActiveCfg = Debug|Any CPU
		{375DDFD6-D124-46ED-A0BA-CAE90774795D}.Debug|Any CPU.Build.0 = Debug|Any CPU
		{375DDFD6-D124-46ED-A0BA-CAE90774795D}.Release|Any CPU.ActiveCfg = Release|Any CPU
		{375DDFD6-D124-46ED-A0BA-CAE90774795D}.Release|Any CPU.Build.0 = Release|Any CPU
	EndGlobalSection
	GlobalSection(SolutionProperties) = preSolution
		HideSolutionNode = FALSE
	EndGlobalSection
	GlobalSection(ExtensibilityGlobals) = postSolution
		SolutionGuid = {00015783-90F4-4171-B999-D3B0BA499397}
	EndGlobalSection
EndGlobal
